
Microsoft Visual Studio Solution File, Format Version 12.00
# Visual Studio 15
VisualStudioVersion = 15.0.27130.0
MinimumVisualStudioVersion = 10.0.40219.1
Project("{FAE04EC0-301F-11D3-BF4B-00C04F79EFBC}") = "JSales.Android", "JSales\JSales.Android\JSales.Android.csproj", "{90DF7EBF-3487-4391-BA54-641754694764}"
EndProject
Project("{FAE04EC0-301F-11D3-BF4B-00C04F79EFBC}") = "JSales.iOS", "JSales\JSales.iOS\JSales.iOS.csproj", "{D92FB64E-F8B3-4A7C-ACCA-8BC37A23C65E}"
EndProject
Project("{FAE04EC0-301F-11D3-BF4B-00C04F79EFBC}") = "JSales.UWP", "JSales\JSales.UWP\JSales.UWP.csproj", "{E2EA12A3-7D2E-4E81-AE64-BEC862206A64}"
EndProject
Project("{FAE04EC0-301F-11D3-BF4B-00C04F79EFBC}") = "JSales", "JSales\JSales\JSales.csproj", "{96E613AD-F9F3-4ACF-8008-0D1136F7E405}"
EndProject
Project("{FAE04EC0-301F-11D3-BF4B-00C04F79EFBC}") = "JSales.Backend", "JSales.Backend\JSales.Backend.csproj", "{9F70EA20-DFF8-4AC0-985C-09D717AD2C77}"
EndProject
Project("{FAE04EC0-301F-11D3-BF4B-00C04F79EFBC}") = "JSales.API", "JSales.API\JSales.API.csproj", "{29145B61-4A04-4641-BF08-D9B224F9B4A3}"
EndProject
Project("{FAE04EC0-301F-11D3-BF4B-00C04F79EFBC}") = "JSales.Domain", "JSales.Domain\JSales.Domain.csproj", "{2E8AFF01-E840-469F-9A90-A67B2B9059BF}"
EndProject
Project("{FAE04EC0-301F-11D3-BF4B-00C04F79EFBC}") = "JSales.Common", "JSales.Common\JSales.Common.csproj", "{6126F275-7371-459C-B0A3-10AFE65469B3}"
EndProject
Global
	GlobalSection(SolutionConfigurationPlatforms) = preSolution
		Ad-Hoc|Any CPU = Ad-Hoc|Any CPU
		Ad-Hoc|ARM = Ad-Hoc|ARM
		Ad-Hoc|iPhone = Ad-Hoc|iPhone
		Ad-Hoc|iPhoneSimulator = Ad-Hoc|iPhoneSimulator
		Ad-Hoc|x64 = Ad-Hoc|x64
		Ad-Hoc|x86 = Ad-Hoc|x86
		AppStore|Any CPU = AppStore|Any CPU
		AppStore|ARM = AppStore|ARM
		AppStore|iPhone = AppStore|iPhone
		AppStore|iPhoneSimulator = AppStore|iPhoneSimulator
		AppStore|x64 = AppStore|x64
		AppStore|x86 = AppStore|x86
		Debug|Any CPU = Debug|Any CPU
		Debug|ARM = Debug|ARM
		Debug|iPhone = Debug|iPhone
		Debug|iPhoneSimulator = Debug|iPhoneSimulator
		Debug|x64 = Debug|x64
		Debug|x86 = Debug|x86
		Release|Any CPU = Release|Any CPU
		Release|ARM = Release|ARM
		Release|iPhone = Release|iPhone
		Release|iPhoneSimulator = Release|iPhoneSimulator
		Release|x64 = Release|x64
		Release|x86 = Release|x86
	EndGlobalSection
	GlobalSection(ProjectConfigurationPlatforms) = postSolution
		{90DF7EBF-3487-4391-BA54-641754694764}.Ad-Hoc|Any CPU.ActiveCfg = Release|Any CPU
		{90DF7EBF-3487-4391-BA54-641754694764}.Ad-Hoc|Any CPU.Build.0 = Release|Any CPU
		{90DF7EBF-3487-4391-BA54-641754694764}.Ad-Hoc|Any CPU.Deploy.0 = Release|Any CPU
		{90DF7EBF-3487-4391-BA54-641754694764}.Ad-Hoc|ARM.ActiveCfg = Release|Any CPU
		{90DF7EBF-3487-4391-BA54-641754694764}.Ad-Hoc|ARM.Build.0 = Release|Any CPU
		{90DF7EBF-3487-4391-BA54-641754694764}.Ad-Hoc|ARM.Deploy.0 = Release|Any CPU
		{90DF7EBF-3487-4391-BA54-641754694764}.Ad-Hoc|iPhone.ActiveCfg = Release|Any CPU
		{90DF7EBF-3487-4391-BA54-641754694764}.Ad-Hoc|iPhone.Build.0 = Release|Any CPU
		{90DF7EBF-3487-4391-BA54-641754694764}.Ad-Hoc|iPhone.Deploy.0 = Release|Any CPU
		{90DF7EBF-3487-4391-BA54-641754694764}.Ad-Hoc|iPhoneSimulator.ActiveCfg = Release|Any CPU
		{90DF7EBF-3487-4391-BA54-641754694764}.Ad-Hoc|iPhoneSimulator.Build.0 = Release|Any CPU
		{90DF7EBF-3487-4391-BA54-641754694764}.Ad-Hoc|iPhoneSimulator.Deploy.0 = Release|Any CPU
		{90DF7EBF-3487-4391-BA54-641754694764}.Ad-Hoc|x64.ActiveCfg = Release|Any CPU
		{90DF7EBF-3487-4391-BA54-641754694764}.Ad-Hoc|x64.Build.0 = Release|Any CPU
		{90DF7EBF-3487-4391-BA54-641754694764}.Ad-Hoc|x64.Deploy.0 = Release|Any CPU
		{90DF7EBF-3487-4391-BA54-641754694764}.Ad-Hoc|x86.ActiveCfg = Release|Any CPU
		{90DF7EBF-3487-4391-BA54-641754694764}.Ad-Hoc|x86.Build.0 = Release|Any CPU
		{90DF7EBF-3487-4391-BA54-641754694764}.Ad-Hoc|x86.Deploy.0 = Release|Any CPU
		{90DF7EBF-3487-4391-BA54-641754694764}.AppStore|Any CPU.ActiveCfg = Release|Any CPU
		{90DF7EBF-3487-4391-BA54-641754694764}.AppStore|Any CPU.Build.0 = Release|Any CPU
		{90DF7EBF-3487-4391-BA54-641754694764}.AppStore|Any CPU.Deploy.0 = Release|Any CPU
		{90DF7EBF-3487-4391-BA54-641754694764}.AppStore|ARM.ActiveCfg = Release|Any CPU
		{90DF7EBF-3487-4391-BA54-641754694764}.AppStore|ARM.Build.0 = Release|Any CPU
		{90DF7EBF-3487-4391-BA54-641754694764}.AppStore|ARM.Deploy.0 = Release|Any CPU
		{90DF7EBF-3487-4391-BA54-641754694764}.AppStore|iPhone.ActiveCfg = Release|Any CPU
		{90DF7EBF-3487-4391-BA54-641754694764}.AppStore|iPhone.Build.0 = Release|Any CPU
		{90DF7EBF-3487-4391-BA54-641754694764}.AppStore|iPhone.Deploy.0 = Release|Any CPU
		{90DF7EBF-3487-4391-BA54-641754694764}.AppStore|iPhoneSimulator.ActiveCfg = Release|Any CPU
		{90DF7EBF-3487-4391-BA54-641754694764}.AppStore|iPhoneSimulator.Build.0 = Release|Any CPU
		{90DF7EBF-3487-4391-BA54-641754694764}.AppStore|iPhoneSimulator.Deploy.0 = Release|Any CPU
		{90DF7EBF-3487-4391-BA54-641754694764}.AppStore|x64.ActiveCfg = Release|Any CPU
		{90DF7EBF-3487-4391-BA54-641754694764}.AppStore|x64.Build.0 = Release|Any CPU
		{90DF7EBF-3487-4391-BA54-641754694764}.AppStore|x64.Deploy.0 = Release|Any CPU
		{90DF7EBF-3487-4391-BA54-641754694764}.AppStore|x86.ActiveCfg = Release|Any CPU
		{90DF7EBF-3487-4391-BA54-641754694764}.AppStore|x86.Build.0 = Release|Any CPU
		{90DF7EBF-3487-4391-BA54-641754694764}.AppStore|x86.Deploy.0 = Release|Any CPU
		{90DF7EBF-3487-4391-BA54-641754694764}.Debug|Any CPU.ActiveCfg = Debug|Any CPU
		{90DF7EBF-3487-4391-BA54-641754694764}.Debug|Any CPU.Build.0 = Debug|Any CPU
		{90DF7EBF-3487-4391-BA54-641754694764}.Debug|Any CPU.Deploy.0 = Debug|Any CPU
		{90DF7EBF-3487-4391-BA54-641754694764}.Debug|ARM.ActiveCfg = Debug|Any CPU
		{90DF7EBF-3487-4391-BA54-641754694764}.Debug|ARM.Build.0 = Debug|Any CPU
		{90DF7EBF-3487-4391-BA54-641754694764}.Debug|ARM.Deploy.0 = Debug|Any CPU
		{90DF7EBF-3487-4391-BA54-641754694764}.Debug|iPhone.ActiveCfg = Debug|Any CPU
		{90DF7EBF-3487-4391-BA54-641754694764}.Debug|iPhone.Build.0 = Debug|Any CPU
		{90DF7EBF-3487-4391-BA54-641754694764}.Debug|iPhone.Deploy.0 = Debug|Any CPU
		{90DF7EBF-3487-4391-BA54-641754694764}.Debug|iPhoneSimulator.ActiveCfg = Debug|Any CPU
		{90DF7EBF-3487-4391-BA54-641754694764}.Debug|iPhoneSimulator.Build.0 = Debug|Any CPU
		{90DF7EBF-3487-4391-BA54-641754694764}.Debug|iPhoneSimulator.Deploy.0 = Debug|Any CPU
		{90DF7EBF-3487-4391-BA54-641754694764}.Debug|x64.ActiveCfg = Debug|Any CPU
		{90DF7EBF-3487-4391-BA54-641754694764}.Debug|x64.Build.0 = Debug|Any CPU
		{90DF7EBF-3487-4391-BA54-641754694764}.Debug|x64.Deploy.0 = Debug|Any CPU
		{90DF7EBF-3487-4391-BA54-641754694764}.Debug|x86.ActiveCfg = Debug|Any CPU
		{90DF7EBF-3487-4391-BA54-641754694764}.Debug|x86.Build.0 = Debug|Any CPU
		{90DF7EBF-3487-4391-BA54-641754694764}.Debug|x86.Deploy.0 = Debug|Any CPU
		{90DF7EBF-3487-4391-BA54-641754694764}.Release|Any CPU.ActiveCfg = Release|Any CPU
		{90DF7EBF-3487-4391-BA54-641754694764}.Release|Any CPU.Build.0 = Release|Any CPU
		{90DF7EBF-3487-4391-BA54-641754694764}.Release|Any CPU.Deploy.0 = Release|Any CPU
		{90DF7EBF-3487-4391-BA54-641754694764}.Release|ARM.ActiveCfg = Release|Any CPU
		{90DF7EBF-3487-4391-BA54-641754694764}.Release|ARM.Build.0 = Release|Any CPU
		{90DF7EBF-3487-4391-BA54-641754694764}.Release|ARM.Deploy.0 = Release|Any CPU
		{90DF7EBF-3487-4391-BA54-641754694764}.Release|iPhone.ActiveCfg = Release|Any CPU
		{90DF7EBF-3487-4391-BA54-641754694764}.Release|iPhone.Build.0 = Release|Any CPU
		{90DF7EBF-3487-4391-BA54-641754694764}.Release|iPhone.Deploy.0 = Release|Any CPU
		{90DF7EBF-3487-4391-BA54-641754694764}.Release|iPhoneSimulator.ActiveCfg = Release|Any CPU
		{90DF7EBF-3487-4391-BA54-641754694764}.Release|iPhoneSimulator.Build.0 = Release|Any CPU
		{90DF7EBF-3487-4391-BA54-641754694764}.Release|iPhoneSimulator.Deploy.0 = Release|Any CPU
		{90DF7EBF-3487-4391-BA54-641754694764}.Release|x64.ActiveCfg = Release|Any CPU
		{90DF7EBF-3487-4391-BA54-641754694764}.Release|x64.Build.0 = Release|Any CPU
		{90DF7EBF-3487-4391-BA54-641754694764}.Release|x64.Deploy.0 = Release|Any CPU
		{90DF7EBF-3487-4391-BA54-641754694764}.Release|x86.ActiveCfg = Release|Any CPU
		{90DF7EBF-3487-4391-BA54-641754694764}.Release|x86.Build.0 = Release|Any CPU
		{90DF7EBF-3487-4391-BA54-641754694764}.Release|x86.Deploy.0 = Release|Any CPU
		{D92FB64E-F8B3-4A7C-ACCA-8BC37A23C65E}.Ad-Hoc|Any CPU.ActiveCfg = Ad-Hoc|iPhone
		{D92FB64E-F8B3-4A7C-ACCA-8BC37A23C65E}.Ad-Hoc|ARM.ActiveCfg = Ad-Hoc|iPhone
		{D92FB64E-F8B3-4A7C-ACCA-8BC37A23C65E}.Ad-Hoc|iPhone.ActiveCfg = Ad-Hoc|iPhone
		{D92FB64E-F8B3-4A7C-ACCA-8BC37A23C65E}.Ad-Hoc|iPhone.Build.0 = Ad-Hoc|iPhone
		{D92FB64E-F8B3-4A7C-ACCA-8BC37A23C65E}.Ad-Hoc|iPhoneSimulator.ActiveCfg = Ad-Hoc|iPhoneSimulator
		{D92FB64E-F8B3-4A7C-ACCA-8BC37A23C65E}.Ad-Hoc|iPhoneSimulator.Build.0 = Ad-Hoc|iPhoneSimulator
		{D92FB64E-F8B3-4A7C-ACCA-8BC37A23C65E}.Ad-Hoc|x64.ActiveCfg = Ad-Hoc|iPhone
		{D92FB64E-F8B3-4A7C-ACCA-8BC37A23C65E}.Ad-Hoc|x86.ActiveCfg = Ad-Hoc|iPhone
		{D92FB64E-F8B3-4A7C-ACCA-8BC37A23C65E}.AppStore|Any CPU.ActiveCfg = AppStore|iPhone
		{D92FB64E-F8B3-4A7C-ACCA-8BC37A23C65E}.AppStore|ARM.ActiveCfg = AppStore|iPhone
		{D92FB64E-F8B3-4A7C-ACCA-8BC37A23C65E}.AppStore|iPhone.ActiveCfg = AppStore|iPhone
		{D92FB64E-F8B3-4A7C-ACCA-8BC37A23C65E}.AppStore|iPhone.Build.0 = AppStore|iPhone
		{D92FB64E-F8B3-4A7C-ACCA-8BC37A23C65E}.AppStore|iPhoneSimulator.ActiveCfg = AppStore|iPhoneSimulator
		{D92FB64E-F8B3-4A7C-ACCA-8BC37A23C65E}.AppStore|iPhoneSimulator.Build.0 = AppStore|iPhoneSimulator
		{D92FB64E-F8B3-4A7C-ACCA-8BC37A23C65E}.AppStore|x64.ActiveCfg = AppStore|iPhone
		{D92FB64E-F8B3-4A7C-ACCA-8BC37A23C65E}.AppStore|x86.ActiveCfg = AppStore|iPhone
		{D92FB64E-F8B3-4A7C-ACCA-8BC37A23C65E}.Debug|Any CPU.ActiveCfg = Debug|iPhone
		{D92FB64E-F8B3-4A7C-ACCA-8BC37A23C65E}.Debug|ARM.ActiveCfg = Debug|iPhone
		{D92FB64E-F8B3-4A7C-ACCA-8BC37A23C65E}.Debug|iPhone.ActiveCfg = Debug|iPhone
		{D92FB64E-F8B3-4A7C-ACCA-8BC37A23C65E}.Debug|iPhone.Build.0 = Debug|iPhone
		{D92FB64E-F8B3-4A7C-ACCA-8BC37A23C65E}.Debug|iPhoneSimulator.ActiveCfg = Debug|iPhoneSimulator
		{D92FB64E-F8B3-4A7C-ACCA-8BC37A23C65E}.Debug|iPhoneSimulator.Build.0 = Debug|iPhoneSimulator
		{D92FB64E-F8B3-4A7C-ACCA-8BC37A23C65E}.Debug|x64.ActiveCfg = Debug|iPhone
		{D92FB64E-F8B3-4A7C-ACCA-8BC37A23C65E}.Debug|x86.ActiveCfg = Debug|iPhone
		{D92FB64E-F8B3-4A7C-ACCA-8BC37A23C65E}.Release|Any CPU.ActiveCfg = Release|iPhone
		{D92FB64E-F8B3-4A7C-ACCA-8BC37A23C65E}.Release|ARM.ActiveCfg = Release|iPhone
		{D92FB64E-F8B3-4A7C-ACCA-8BC37A23C65E}.Release|iPhone.ActiveCfg = Release|iPhone
		{D92FB64E-F8B3-4A7C-ACCA-8BC37A23C65E}.Release|iPhone.Build.0 = Release|iPhone
		{D92FB64E-F8B3-4A7C-ACCA-8BC37A23C65E}.Release|iPhoneSimulator.ActiveCfg = Release|iPhoneSimulator
		{D92FB64E-F8B3-4A7C-ACCA-8BC37A23C65E}.Release|iPhoneSimulator.Build.0 = Release|iPhoneSimulator
		{D92FB64E-F8B3-4A7C-ACCA-8BC37A23C65E}.Release|x64.ActiveCfg = Release|iPhone
		{D92FB64E-F8B3-4A7C-ACCA-8BC37A23C65E}.Release|x86.ActiveCfg = Release|iPhone
		{E2EA12A3-7D2E-4E81-AE64-BEC862206A64}.Ad-Hoc|Any CPU.ActiveCfg = Release|x86
		{E2EA12A3-7D2E-4E81-AE64-BEC862206A64}.Ad-Hoc|Any CPU.Build.0 = Release|x86
		{E2EA12A3-7D2E-4E81-AE64-BEC862206A64}.Ad-Hoc|Any CPU.Deploy.0 = Release|x86
		{E2EA12A3-7D2E-4E81-AE64-BEC862206A64}.Ad-Hoc|ARM.ActiveCfg = Release|ARM
		{E2EA12A3-7D2E-4E81-AE64-BEC862206A64}.Ad-Hoc|ARM.Build.0 = Release|ARM
		{E2EA12A3-7D2E-4E81-AE64-BEC862206A64}.Ad-Hoc|ARM.Deploy.0 = Release|ARM
		{E2EA12A3-7D2E-4E81-AE64-BEC862206A64}.Ad-Hoc|iPhone.ActiveCfg = Release|x86
		{E2EA12A3-7D2E-4E81-AE64-BEC862206A64}.Ad-Hoc|iPhone.Build.0 = Release|x86
		{E2EA12A3-7D2E-4E81-AE64-BEC862206A64}.Ad-Hoc|iPhone.Deploy.0 = Release|x86
		{E2EA12A3-7D2E-4E81-AE64-BEC862206A64}.Ad-Hoc|iPhoneSimulator.ActiveCfg = Release|x86
		{E2EA12A3-7D2E-4E81-AE64-BEC862206A64}.Ad-Hoc|iPhoneSimulator.Build.0 = Release|x86
		{E2EA12A3-7D2E-4E81-AE64-BEC862206A64}.Ad-Hoc|iPhoneSimulator.Deploy.0 = Release|x86
		{E2EA12A3-7D2E-4E81-AE64-BEC862206A64}.Ad-Hoc|x64.ActiveCfg = Release|x64
		{E2EA12A3-7D2E-4E81-AE64-BEC862206A64}.Ad-Hoc|x64.Build.0 = Release|x64
		{E2EA12A3-7D2E-4E81-AE64-BEC862206A64}.Ad-Hoc|x64.Deploy.0 = Release|x64
		{E2EA12A3-7D2E-4E81-AE64-BEC862206A64}.Ad-Hoc|x86.ActiveCfg = Release|x86
		{E2EA12A3-7D2E-4E81-AE64-BEC862206A64}.Ad-Hoc|x86.Build.0 = Release|x86
		{E2EA12A3-7D2E-4E81-AE64-BEC862206A64}.Ad-Hoc|x86.Deploy.0 = Release|x86
		{E2EA12A3-7D2E-4E81-AE64-BEC862206A64}.AppStore|Any CPU.ActiveCfg = Release|x86
		{E2EA12A3-7D2E-4E81-AE64-BEC862206A64}.AppStore|Any CPU.Build.0 = Release|x86
		{E2EA12A3-7D2E-4E81-AE64-BEC862206A64}.AppStore|Any CPU.Deploy.0 = Release|x86
		{E2EA12A3-7D2E-4E81-AE64-BEC862206A64}.AppStore|ARM.ActiveCfg = Release|ARM
		{E2EA12A3-7D2E-4E81-AE64-BEC862206A64}.AppStore|ARM.Build.0 = Release|ARM
		{E2EA12A3-7D2E-4E81-AE64-BEC862206A64}.AppStore|ARM.Deploy.0 = Release|ARM
		{E2EA12A3-7D2E-4E81-AE64-BEC862206A64}.AppStore|iPhone.ActiveCfg = Release|x86
		{E2EA12A3-7D2E-4E81-AE64-BEC862206A64}.AppStore|iPhone.Build.0 = Release|x86
		{E2EA12A3-7D2E-4E81-AE64-BEC862206A64}.AppStore|iPhone.Deploy.0 = Release|x86
		{E2EA12A3-7D2E-4E81-AE64-BEC862206A64}.AppStore|iPhoneSimulator.ActiveCfg = Release|x86
		{E2EA12A3-7D2E-4E81-AE64-BEC862206A64}.AppStore|iPhoneSimulator.Build.0 = Release|x86
		{E2EA12A3-7D2E-4E81-AE64-BEC862206A64}.AppStore|iPhoneSimulator.Deploy.0 = Release|x86
		{E2EA12A3-7D2E-4E81-AE64-BEC862206A64}.AppStore|x64.ActiveCfg = Release|x64
		{E2EA12A3-7D2E-4E81-AE64-BEC862206A64}.AppStore|x64.Build.0 = Release|x64
		{E2EA12A3-7D2E-4E81-AE64-BEC862206A64}.AppStore|x64.Deploy.0 = Release|x64
		{E2EA12A3-7D2E-4E81-AE64-BEC862206A64}.AppStore|x86.ActiveCfg = Release|x86
		{E2EA12A3-7D2E-4E81-AE64-BEC862206A64}.AppStore|x86.Build.0 = Release|x86
		{E2EA12A3-7D2E-4E81-AE64-BEC862206A64}.AppStore|x86.Deploy.0 = Release|x86
		{E2EA12A3-7D2E-4E81-AE64-BEC862206A64}.Debug|Any CPU.ActiveCfg = Debug|x86
		{E2EA12A3-7D2E-4E81-AE64-BEC862206A64}.Debug|ARM.ActiveCfg = Debug|ARM
		{E2EA12A3-7D2E-4E81-AE64-BEC862206A64}.Debug|ARM.Build.0 = Debug|ARM
		{E2EA12A3-7D2E-4E81-AE64-BEC862206A64}.Debug|ARM.Deploy.0 = Debug|ARM
		{E2EA12A3-7D2E-4E81-AE64-BEC862206A64}.Debug|iPhone.ActiveCfg = Debug|x86
		{E2EA12A3-7D2E-4E81-AE64-BEC862206A64}.Debug|iPhoneSimulator.ActiveCfg = Debug|x86
		{E2EA12A3-7D2E-4E81-AE64-BEC862206A64}.Debug|x64.ActiveCfg = Debug|x64
		{E2EA12A3-7D2E-4E81-AE64-BEC862206A64}.Debug|x64.Build.0 = Debug|x64
		{E2EA12A3-7D2E-4E81-AE64-BEC862206A64}.Debug|x64.Deploy.0 = Debug|x64
		{E2EA12A3-7D2E-4E81-AE64-BEC862206A64}.Debug|x86.ActiveCfg = Debug|x86
		{E2EA12A3-7D2E-4E81-AE64-BEC862206A64}.Debug|x86.Build.0 = Debug|x86
		{E2EA12A3-7D2E-4E81-AE64-BEC862206A64}.Debug|x86.Deploy.0 = Debug|x86
		{E2EA12A3-7D2E-4E81-AE64-BEC862206A64}.Release|Any CPU.ActiveCfg = Release|x86
		{E2EA12A3-7D2E-4E81-AE64-BEC862206A64}.Release|ARM.ActiveCfg = Release|ARM
		{E2EA12A3-7D2E-4E81-AE64-BEC862206A64}.Release|ARM.Build.0 = Release|ARM
		{E2EA12A3-7D2E-4E81-AE64-BEC862206A64}.Release|ARM.Deploy.0 = Release|ARM
		{E2EA12A3-7D2E-4E81-AE64-BEC862206A64}.Release|iPhone.ActiveCfg = Release|x86
		{E2EA12A3-7D2E-4E81-AE64-BEC862206A64}.Release|iPhoneSimulator.ActiveCfg = Release|x86
		{E2EA12A3-7D2E-4E81-AE64-BEC862206A64}.Release|x64.ActiveCfg = Release|x64
		{E2EA12A3-7D2E-4E81-AE64-BEC862206A64}.Release|x64.Build.0 = Release|x64
		{E2EA12A3-7D2E-4E81-AE64-BEC862206A64}.Release|x64.Deploy.0 = Release|x64
		{E2EA12A3-7D2E-4E81-AE64-BEC862206A64}.Release|x86.ActiveCfg = Release|x86
		{E2EA12A3-7D2E-4E81-AE64-BEC862206A64}.Release|x86.Build.0 = Release|x86
		{E2EA12A3-7D2E-4E81-AE64-BEC862206A64}.Release|x86.Deploy.0 = Release|x86
		{96E613AD-F9F3-4ACF-8008-0D1136F7E405}.Ad-Hoc|Any CPU.ActiveCfg = Debug|Any CPU
		{96E613AD-F9F3-4ACF-8008-0D1136F7E405}.Ad-Hoc|Any CPU.Build.0 = Debug|Any CPU
		{96E613AD-F9F3-4ACF-8008-0D1136F7E405}.Ad-Hoc|ARM.ActiveCfg = Debug|Any CPU
		{96E613AD-F9F3-4ACF-8008-0D1136F7E405}.Ad-Hoc|ARM.Build.0 = Debug|Any CPU
		{96E613AD-F9F3-4ACF-8008-0D1136F7E405}.Ad-Hoc|iPhone.ActiveCfg = Debug|Any CPU
		{96E613AD-F9F3-4ACF-8008-0D1136F7E405}.Ad-Hoc|iPhone.Build.0 = Debug|Any CPU
		{96E613AD-F9F3-4ACF-8008-0D1136F7E405}.Ad-Hoc|iPhoneSimulator.ActiveCfg = Debug|Any CPU
		{96E613AD-F9F3-4ACF-8008-0D1136F7E405}.Ad-Hoc|iPhoneSimulator.Build.0 = Debug|Any CPU
		{96E613AD-F9F3-4ACF-8008-0D1136F7E405}.Ad-Hoc|x64.ActiveCfg = Debug|Any CPU
		{96E613AD-F9F3-4ACF-8008-0D1136F7E405}.Ad-Hoc|x64.Build.0 = Debug|Any CPU
		{96E613AD-F9F3-4ACF-8008-0D1136F7E405}.Ad-Hoc|x86.ActiveCfg = Debug|Any CPU
		{96E613AD-F9F3-4ACF-8008-0D1136F7E405}.Ad-Hoc|x86.Build.0 = Debug|Any CPU
		{96E613AD-F9F3-4ACF-8008-0D1136F7E405}.AppStore|Any CPU.ActiveCfg = Debug|Any CPU
		{96E613AD-F9F3-4ACF-8008-0D1136F7E405}.AppStore|Any CPU.Build.0 = Debug|Any CPU
		{96E613AD-F9F3-4ACF-8008-0D1136F7E405}.AppStore|ARM.ActiveCfg = Debug|Any CPU
		{96E613AD-F9F3-4ACF-8008-0D1136F7E405}.AppStore|ARM.Build.0 = Debug|Any CPU
		{96E613AD-F9F3-4ACF-8008-0D1136F7E405}.AppStore|iPhone.ActiveCfg = Debug|Any CPU
		{96E613AD-F9F3-4ACF-8008-0D1136F7E405}.AppStore|iPhone.Build.0 = Debug|Any CPU
		{96E613AD-F9F3-4ACF-8008-0D1136F7E405}.AppStore|iPhoneSimulator.ActiveCfg = Debug|Any CPU
		{96E613AD-F9F3-4ACF-8008-0D1136F7E405}.AppStore|iPhoneSimulator.Build.0 = Debug|Any CPU
		{96E613AD-F9F3-4ACF-8008-0D1136F7E405}.AppStore|x64.ActiveCfg = Debug|Any CPU
		{96E613AD-F9F3-4ACF-8008-0D1136F7E405}.AppStore|x64.Build.0 = Debug|Any CPU
		{96E613AD-F9F3-4ACF-8008-0D1136F7E405}.AppStore|x86.ActiveCfg = Debug|Any CPU
		{96E613AD-F9F3-4ACF-8008-0D1136F7E405}.AppStore|x86.Build.0 = Debug|Any CPU
		{96E613AD-F9F3-4ACF-8008-0D1136F7E405}.Debug|Any CPU.ActiveCfg = Debug|Any CPU
		{96E613AD-F9F3-4ACF-8008-0D1136F7E405}.Debug|Any CPU.Build.0 = Debug|Any CPU
		{96E613AD-F9F3-4ACF-8008-0D1136F7E405}.Debug|ARM.ActiveCfg = Debug|Any CPU
		{96E613AD-F9F3-4ACF-8008-0D1136F7E405}.Debug|ARM.Build.0 = Debug|Any CPU
		{96E613AD-F9F3-4ACF-8008-0D1136F7E405}.Debug|iPhone.ActiveCfg = Debug|Any CPU
		{96E613AD-F9F3-4ACF-8008-0D1136F7E405}.Debug|iPhone.Build.0 = Debug|Any CPU
		{96E613AD-F9F3-4ACF-8008-0D1136F7E405}.Debug|iPhoneSimulator.ActiveCfg = Debug|Any CPU
		{96E613AD-F9F3-4ACF-8008-0D1136F7E405}.Debug|iPhoneSimulator.Build.0 = Debug|Any CPU
		{96E613AD-F9F3-4ACF-8008-0D1136F7E405}.Debug|x64.ActiveCfg = Debug|Any CPU
		{96E613AD-F9F3-4ACF-8008-0D1136F7E405}.Debug|x64.Build.0 = Debug|Any CPU
		{96E613AD-F9F3-4ACF-8008-0D1136F7E405}.Debug|x86.ActiveCfg = Debug|Any CPU
		{96E613AD-F9F3-4ACF-8008-0D1136F7E405}.Debug|x86.Build.0 = Debug|Any CPU
		{96E613AD-F9F3-4ACF-8008-0D1136F7E405}.Release|Any CPU.ActiveCfg = Release|Any CPU
		{96E613AD-F9F3-4ACF-8008-0D1136F7E405}.Release|Any CPU.Build.0 = Release|Any CPU
		{96E613AD-F9F3-4ACF-8008-0D1136F7E405}.Release|ARM.ActiveCfg = Release|Any CPU
		{96E613AD-F9F3-4ACF-8008-0D1136F7E405}.Release|ARM.Build.0 = Release|Any CPU
		{96E613AD-F9F3-4ACF-8008-0D1136F7E405}.Release|iPhone.ActiveCfg = Release|Any CPU
		{96E613AD-F9F3-4ACF-8008-0D1136F7E405}.Release|iPhone.Build.0 = Release|Any CPU
		{96E613AD-F9F3-4ACF-8008-0D1136F7E405}.Release|iPhoneSimulator.ActiveCfg = Release|Any CPU
		{96E613AD-F9F3-4ACF-8008-0D1136F7E405}.Release|iPhoneSimulator.Build.0 = Release|Any CPU
		{96E613AD-F9F3-4ACF-8008-0D1136F7E405}.Release|x64.ActiveCfg = Release|Any CPU
		{96E613AD-F9F3-4ACF-8008-0D1136F7E405}.Release|x64.Build.0 = Release|Any CPU
		{96E613AD-F9F3-4ACF-8008-0D1136F7E405}.Release|x86.ActiveCfg = Release|Any CPU
		{96E613AD-F9F3-4ACF-8008-0D1136F7E405}.Release|x86.Build.0 = Release|Any CPU
		{9F70EA20-DFF8-4AC0-985C-09D717AD2C77}.Ad-Hoc|Any CPU.ActiveCfg = Release|Any CPU
		{9F70EA20-DFF8-4AC0-985C-09D717AD2C77}.Ad-Hoc|Any CPU.Build.0 = Release|Any CPU
		{9F70EA20-DFF8-4AC0-985C-09D717AD2C77}.Ad-Hoc|ARM.ActiveCfg = Release|Any CPU
		{9F70EA20-DFF8-4AC0-985C-09D717AD2C77}.Ad-Hoc|ARM.Build.0 = Release|Any CPU
		{9F70EA20-DFF8-4AC0-985C-09D717AD2C77}.Ad-Hoc|iPhone.ActiveCfg = Release|Any CPU
		{9F70EA20-DFF8-4AC0-985C-09D717AD2C77}.Ad-Hoc|iPhone.Build.0 = Release|Any CPU
		{9F70EA20-DFF8-4AC0-985C-09D717AD2C77}.Ad-Hoc|iPhoneSimulator.ActiveCfg = Release|Any CPU
		{9F70EA20-DFF8-4AC0-985C-09D717AD2C77}.Ad-Hoc|iPhoneSimulator.Build.0 = Release|Any CPU
		{9F70EA20-DFF8-4AC0-985C-09D717AD2C77}.Ad-Hoc|x64.ActiveCfg = Release|Any CPU
		{9F70EA20-DFF8-4AC0-985C-09D717AD2C77}.Ad-Hoc|x64.Build.0 = Release|Any CPU
		{9F70EA20-DFF8-4AC0-985C-09D717AD2C77}.Ad-Hoc|x86.ActiveCfg = Release|Any CPU
		{9F70EA20-DFF8-4AC0-985C-09D717AD2C77}.Ad-Hoc|x86.Build.0 = Release|Any CPU
		{9F70EA20-DFF8-4AC0-985C-09D717AD2C77}.AppStore|Any CPU.ActiveCfg = Release|Any CPU
		{9F70EA20-DFF8-4AC0-985C-09D717AD2C77}.AppStore|Any CPU.Build.0 = Release|Any CPU
		{9F70EA20-DFF8-4AC0-985C-09D717AD2C77}.AppStore|ARM.ActiveCfg = Release|Any CPU
		{9F70EA20-DFF8-4AC0-985C-09D717AD2C77}.AppStore|ARM.Build.0 = Release|Any CPU
		{9F70EA20-DFF8-4AC0-985C-09D717AD2C77}.AppStore|iPhone.ActiveCfg = Release|Any CPU
		{9F70EA20-DFF8-4AC0-985C-09D717AD2C77}.AppStore|iPhone.Build.0 = Release|Any CPU
		{9F70EA20-DFF8-4AC0-985C-09D717AD2C77}.AppStore|iPhoneSimulator.ActiveCfg = Release|Any CPU
		{9F70EA20-DFF8-4AC0-985C-09D717AD2C77}.AppStore|iPhoneSimulator.Build.0 = Release|Any CPU
		{9F70EA20-DFF8-4AC0-985C-09D717AD2C77}.AppStore|x64.ActiveCfg = Release|Any CPU
		{9F70EA20-DFF8-4AC0-985C-09D717AD2C77}.AppStore|x64.Build.0 = Release|Any CPU
		{9F70EA20-DFF8-4AC0-985C-09D717AD2C77}.AppStore|x86.ActiveCfg = Release|Any CPU
		{9F70EA20-DFF8-4AC0-985C-09D717AD2C77}.AppStore|x86.Build.0 = Release|Any CPU
		{9F70EA20-DFF8-4AC0-985C-09D717AD2C77}.Debug|Any CPU.ActiveCfg = Debug|Any CPU
		{9F70EA20-DFF8-4AC0-985C-09D717AD2C77}.Debug|Any CPU.Build.0 = Debug|Any CPU
		{9F70EA20-DFF8-4AC0-985C-09D717AD2C77}.Debug|ARM.ActiveCfg = Debug|Any CPU
		{9F70EA20-DFF8-4AC0-985C-09D717AD2C77}.Debug|ARM.Build.0 = Debug|Any CPU
		{9F70EA20-DFF8-4AC0-985C-09D717AD2C77}.Debug|iPhone.ActiveCfg = Debug|Any CPU
		{9F70EA20-DFF8-4AC0-985C-09D717AD2C77}.Debug|iPhone.Build.0 = Debug|Any CPU
		{9F70EA20-DFF8-4AC0-985C-09D717AD2C77}.Debug|iPhoneSimulator.ActiveCfg = Debug|Any CPU
		{9F70EA20-DFF8-4AC0-985C-09D717AD2C77}.Debug|iPhoneSimulator.Build.0 = Debug|Any CPU
		{9F70EA20-DFF8-4AC0-985C-09D717AD2C77}.Debug|x64.ActiveCfg = Debug|Any CPU
		{9F70EA20-DFF8-4AC0-985C-09D717AD2C77}.Debug|x64.Build.0 = Debug|Any CPU
		{9F70EA20-DFF8-4AC0-985C-09D717AD2C77}.Debug|x86.ActiveCfg = Debug|Any CPU
		{9F70EA20-DFF8-4AC0-985C-09D717AD2C77}.Debug|x86.Build.0 = Debug|Any CPU
		{9F70EA20-DFF8-4AC0-985C-09D717AD2C77}.Release|Any CPU.ActiveCfg = Release|Any CPU
		{9F70EA20-DFF8-4AC0-985C-09D717AD2C77}.Release|Any CPU.Build.0 = Release|Any CPU
		{9F70EA20-DFF8-4AC0-985C-09D717AD2C77}.Release|ARM.ActiveCfg = Release|Any CPU
		{9F70EA20-DFF8-4AC0-985C-09D717AD2C77}.Release|ARM.Build.0 = Release|Any CPU
		{9F70EA20-DFF8-4AC0-985C-09D717AD2C77}.Release|iPhone.ActiveCfg = Release|Any CPU
		{9F70EA20-DFF8-4AC0-985C-09D717AD2C77}.Release|iPhone.Build.0 = Release|Any CPU
		{9F70EA20-DFF8-4AC0-985C-09D717AD2C77}.Release|iPhoneSimulator.ActiveCfg = Release|Any CPU
		{9F70EA20-DFF8-4AC0-985C-09D717AD2C77}.Release|iPhoneSimulator.Build.0 = Release|Any CPU
		{9F70EA20-DFF8-4AC0-985C-09D717AD2C77}.Release|x64.ActiveCfg = Release|Any CPU
		{9F70EA20-DFF8-4AC0-985C-09D717AD2C77}.Release|x64.Build.0 = Release|Any CPU
		{9F70EA20-DFF8-4AC0-985C-09D717AD2C77}.Release|x86.ActiveCfg = Release|Any CPU
		{9F70EA20-DFF8-4AC0-985C-09D717AD2C77}.Release|x86.Build.0 = Release|Any CPU
		{29145B61-4A04-4641-BF08-D9B224F9B4A3}.Ad-Hoc|Any CPU.ActiveCfg = Release|Any CPU
		{29145B61-4A04-4641-BF08-D9B224F9B4A3}.Ad-Hoc|Any CPU.Build.0 = Release|Any CPU
		{29145B61-4A04-4641-BF08-D9B224F9B4A3}.Ad-Hoc|ARM.ActiveCfg = Release|Any CPU
		{29145B61-4A04-4641-BF08-D9B224F9B4A3}.Ad-Hoc|ARM.Build.0 = Release|Any CPU
		{29145B61-4A04-4641-BF08-D9B224F9B4A3}.Ad-Hoc|iPhone.ActiveCfg = Release|Any CPU
		{29145B61-4A04-4641-BF08-D9B224F9B4A3}.Ad-Hoc|iPhone.Build.0 = Release|Any CPU
		{29145B61-4A04-4641-BF08-D9B224F9B4A3}.Ad-Hoc|iPhoneSimulator.ActiveCfg = Release|Any CPU
		{29145B61-4A04-4641-BF08-D9B224F9B4A3}.Ad-Hoc|iPhoneSimulator.Build.0 = Release|Any CPU
		{29145B61-4A04-4641-BF08-D9B224F9B4A3}.Ad-Hoc|x64.ActiveCfg = Release|Any CPU
		{29145B61-4A04-4641-BF08-D9B224F9B4A3}.Ad-Hoc|x64.Build.0 = Release|Any CPU
		{29145B61-4A04-4641-BF08-D9B224F9B4A3}.Ad-Hoc|x86.ActiveCfg = Release|Any CPU
		{29145B61-4A04-4641-BF08-D9B224F9B4A3}.Ad-Hoc|x86.Build.0 = Release|Any CPU
		{29145B61-4A04-4641-BF08-D9B224F9B4A3}.AppStore|Any CPU.ActiveCfg = Release|Any CPU
		{29145B61-4A04-4641-BF08-D9B224F9B4A3}.AppStore|Any CPU.Build.0 = Release|Any CPU
		{29145B61-4A04-4641-BF08-D9B224F9B4A3}.AppStore|ARM.ActiveCfg = Release|Any CPU
		{29145B61-4A04-4641-BF08-D9B224F9B4A3}.AppStore|ARM.Build.0 = Release|Any CPU
		{29145B61-4A04-4641-BF08-D9B224F9B4A3}.AppStore|iPhone.ActiveCfg = Release|Any CPU
		{29145B61-4A04-4641-BF08-D9B224F9B4A3}.AppStore|iPhone.Build.0 = Release|Any CPU
		{29145B61-4A04-4641-BF08-D9B224F9B4A3}.AppStore|iPhoneSimulator.ActiveCfg = Release|Any CPU
		{29145B61-4A04-4641-BF08-D9B224F9B4A3}.AppStore|iPhoneSimulator.Build.0 = Release|Any CPU
		{29145B61-4A04-4641-BF08-D9B224F9B4A3}.AppStore|x64.ActiveCfg = Release|Any CPU
		{29145B61-4A04-4641-BF08-D9B224F9B4A3}.AppStore|x64.Build.0 = Release|Any CPU
		{29145B61-4A04-4641-BF08-D9B224F9B4A3}.AppStore|x86.ActiveCfg = Release|Any CPU
		{29145B61-4A04-4641-BF08-D9B224F9B4A3}.AppStore|x86.Build.0 = Release|Any CPU
		{29145B61-4A04-4641-BF08-D9B224F9B4A3}.Debug|Any CPU.ActiveCfg = Debug|Any CPU
		{29145B61-4A04-4641-BF08-D9B224F9B4A3}.Debug|Any CPU.Build.0 = Debug|Any CPU
		{29145B61-4A04-4641-BF08-D9B224F9B4A3}.Debug|ARM.ActiveCfg = Debug|Any CPU
		{29145B61-4A04-4641-BF08-D9B224F9B4A3}.Debug|ARM.Build.0 = Debug|Any CPU
		{29145B61-4A04-4641-BF08-D9B224F9B4A3}.Debug|iPhone.ActiveCfg = Debug|Any CPU
		{29145B61-4A04-4641-BF08-D9B224F9B4A3}.Debug|iPhone.Build.0 = Debug|Any CPU
		{29145B61-4A04-4641-BF08-D9B224F9B4A3}.Debug|iPhoneSimulator.ActiveCfg = Debug|Any CPU
		{29145B61-4A04-4641-BF08-D9B224F9B4A3}.Debug|iPhoneSimulator.Build.0 = Debug|Any CPU
		{29145B61-4A04-4641-BF08-D9B224F9B4A3}.Debug|x64.ActiveCfg = Debug|Any CPU
		{29145B61-4A04-4641-BF08-D9B224F9B4A3}.Debug|x64.Build.0 = Debug|Any CPU
		{29145B61-4A04-4641-BF08-D9B224F9B4A3}.Debug|x86.ActiveCfg = Debug|Any CPU
		{29145B61-4A04-4641-BF08-D9B224F9B4A3}.Debug|x86.Build.0 = Debug|Any CPU
		{29145B61-4A04-4641-BF08-D9B224F9B4A3}.Release|Any CPU.ActiveCfg = Release|Any CPU
		{29145B61-4A04-4641-BF08-D9B224F9B4A3}.Release|Any CPU.Build.0 = Release|Any CPU
		{29145B61-4A04-4641-BF08-D9B224F9B4A3}.Release|ARM.ActiveCfg = Release|Any CPU
		{29145B61-4A04-4641-BF08-D9B224F9B4A3}.Release|ARM.Build.0 = Release|Any CPU
		{29145B61-4A04-4641-BF08-D9B224F9B4A3}.Release|iPhone.ActiveCfg = Release|Any CPU
		{29145B61-4A04-4641-BF08-D9B224F9B4A3}.Release|iPhone.Build.0 = Release|Any CPU
		{29145B61-4A04-4641-BF08-D9B224F9B4A3}.Release|iPhoneSimulator.ActiveCfg = Release|Any CPU
		{29145B61-4A04-4641-BF08-D9B224F9B4A3}.Release|iPhoneSimulator.Build.0 = Release|Any CPU
		{29145B61-4A04-4641-BF08-D9B224F9B4A3}.Release|x64.ActiveCfg = Release|Any CPU
		{29145B61-4A04-4641-BF08-D9B224F9B4A3}.Release|x64.Build.0 = Release|Any CPU
		{29145B61-4A04-4641-BF08-D9B224F9B4A3}.Release|x86.ActiveCfg = Release|Any CPU
		{29145B61-4A04-4641-BF08-D9B224F9B4A3}.Release|x86.Build.0 = Release|Any CPU
		{2E8AFF01-E840-469F-9A90-A67B2B9059BF}.Ad-Hoc|Any CPU.ActiveCfg = Release|Any CPU
		{2E8AFF01-E840-469F-9A90-A67B2B9059BF}.Ad-Hoc|Any CPU.Build.0 = Release|Any CPU
		{2E8AFF01-E840-469F-9A90-A67B2B9059BF}.Ad-Hoc|ARM.ActiveCfg = Release|Any CPU
		{2E8AFF01-E840-469F-9A90-A67B2B9059BF}.Ad-Hoc|ARM.Build.0 = Release|Any CPU
		{2E8AFF01-E840-469F-9A90-A67B2B9059BF}.Ad-Hoc|iPhone.ActiveCfg = Release|Any CPU
		{2E8AFF01-E840-469F-9A90-A67B2B9059BF}.Ad-Hoc|iPhone.Build.0 = Release|Any CPU
		{2E8AFF01-E840-469F-9A90-A67B2B9059BF}.Ad-Hoc|iPhoneSimulator.ActiveCfg = Release|Any CPU
		{2E8AFF01-E840-469F-9A90-A67B2B9059BF}.Ad-Hoc|iPhoneSimulator.Build.0 = Release|Any CPU
		{2E8AFF01-E840-469F-9A90-A67B2B9059BF}.Ad-Hoc|x64.ActiveCfg = Release|Any CPU
		{2E8AFF01-E840-469F-9A90-A67B2B9059BF}.Ad-Hoc|x64.Build.0 = Release|Any CPU
		{2E8AFF01-E840-469F-9A90-A67B2B9059BF}.Ad-Hoc|x86.ActiveCfg = Release|Any CPU
		{2E8AFF01-E840-469F-9A90-A67B2B9059BF}.Ad-Hoc|x86.Build.0 = Release|Any CPU
		{2E8AFF01-E840-469F-9A90-A67B2B9059BF}.AppStore|Any CPU.ActiveCfg = Release|Any CPU
		{2E8AFF01-E840-469F-9A90-A67B2B9059BF}.AppStore|Any CPU.Build.0 = Release|Any CPU
		{2E8AFF01-E840-469F-9A90-A67B2B9059BF}.AppStore|ARM.ActiveCfg = Release|Any CPU
		{2E8AFF01-E840-469F-9A90-A67B2B9059BF}.AppStore|ARM.Build.0 = Release|Any CPU
		{2E8AFF01-E840-469F-9A90-A67B2B9059BF}.AppStore|iPhone.ActiveCfg = Release|Any CPU
		{2E8AFF01-E840-469F-9A90-A67B2B9059BF}.AppStore|iPhone.Build.0 = Release|Any CPU
		{2E8AFF01-E840-469F-9A90-A67B2B9059BF}.AppStore|iPhoneSimulator.ActiveCfg = Release|Any CPU
		{2E8AFF01-E840-469F-9A90-A67B2B9059BF}.AppStore|iPhoneSimulator.Build.0 = Release|Any CPU
		{2E8AFF01-E840-469F-9A90-A67B2B9059BF}.AppStore|x64.ActiveCfg = Release|Any CPU
		{2E8AFF01-E840-469F-9A90-A67B2B9059BF}.AppStore|x64.Build.0 = Release|Any CPU
		{2E8AFF01-E840-469F-9A90-A67B2B9059BF}.AppStore|x86.ActiveCfg = Release|Any CPU
		{2E8AFF01-E840-469F-9A90-A67B2B9059BF}.AppStore|x86.Build.0 = Release|Any CPU
		{2E8AFF01-E840-469F-9A90-A67B2B9059BF}.Debug|Any CPU.ActiveCfg = Debug|Any CPU
		{2E8AFF01-E840-469F-9A90-A67B2B9059BF}.Debug|Any CPU.Build.0 = Debug|Any CPU
		{2E8AFF01-E840-469F-9A90-A67B2B9059BF}.Debug|ARM.ActiveCfg = Debug|Any CPU
		{2E8AFF01-E840-469F-9A90-A67B2B9059BF}.Debug|ARM.Build.0 = Debug|Any CPU
		{2E8AFF01-E840-469F-9A90-A67B2B9059BF}.Debug|iPhone.ActiveCfg = Debug|Any CPU
		{2E8AFF01-E840-469F-9A90-A67B2B9059BF}.Debug|iPhone.Build.0 = Debug|Any CPU
		{2E8AFF01-E840-469F-9A90-A67B2B9059BF}.Debug|iPhoneSimulator.ActiveCfg = Debug|Any CPU
		{2E8AFF01-E840-469F-9A90-A67B2B9059BF}.Debug|iPhoneSimulator.Build.0 = Debug|Any CPU
		{2E8AFF01-E840-469F-9A90-A67B2B9059BF}.Debug|x64.ActiveCfg = Debug|Any CPU
		{2E8AFF01-E840-469F-9A90-A67B2B9059BF}.Debug|x64.Build.0 = Debug|Any CPU
		{2E8AFF01-E840-469F-9A90-A67B2B9059BF}.Debug|x86.ActiveCfg = Debug|Any CPU
		{2E8AFF01-E840-469F-9A90-A67B2B9059BF}.Debug|x86.Build.0 = Debug|Any CPU
		{2E8AFF01-E840-469F-9A90-A67B2B9059BF}.Release|Any CPU.ActiveCfg = Release|Any CPU
		{2E8AFF01-E840-469F-9A90-A67B2B9059BF}.Release|Any CPU.Build.0 = Release|Any CPU
		{2E8AFF01-E840-469F-9A90-A67B2B9059BF}.Release|ARM.ActiveCfg = Release|Any CPU
		{2E8AFF01-E840-469F-9A90-A67B2B9059BF}.Release|ARM.Build.0 = Release|Any CPU
		{2E8AFF01-E840-469F-9A90-A67B2B9059BF}.Release|iPhone.ActiveCfg = Release|Any CPU
		{2E8AFF01-E840-469F-9A90-A67B2B9059BF}.Release|iPhone.Build.0 = Release|Any CPU
		{2E8AFF01-E840-469F-9A90-A67B2B9059BF}.Release|iPhoneSimulator.ActiveCfg = Release|Any CPU
		{2E8AFF01-E840-469F-9A90-A67B2B9059BF}.Release|iPhoneSimulator.Build.0 = Release|Any CPU
		{2E8AFF01-E840-469F-9A90-A67B2B9059BF}.Release|x64.ActiveCfg = Release|Any CPU
		{2E8AFF01-E840-469F-9A90-A67B2B9059BF}.Release|x64.Build.0 = Release|Any CPU
		{2E8AFF01-E840-469F-9A90-A67B2B9059BF}.Release|x86.ActiveCfg = Release|Any CPU
		{2E8AFF01-E840-469F-9A90-A67B2B9059BF}.Release|x86.Build.0 = Release|Any CPU
		{6126F275-7371-459C-B0A3-10AFE65469B3}.Ad-Hoc|Any CPU.ActiveCfg = Release|Any CPU
		{6126F275-7371-459C-B0A3-10AFE65469B3}.Ad-Hoc|Any CPU.Build.0 = Release|Any CPU
		{6126F275-7371-459C-B0A3-10AFE65469B3}.Ad-Hoc|ARM.ActiveCfg = Release|Any CPU
		{6126F275-7371-459C-B0A3-10AFE65469B3}.Ad-Hoc|ARM.Build.0 = Release|Any CPU
		{6126F275-7371-459C-B0A3-10AFE65469B3}.Ad-Hoc|iPhone.ActiveCfg = Release|Any CPU
		{6126F275-7371-459C-B0A3-10AFE65469B3}.Ad-Hoc|iPhone.Build.0 = Release|Any CPU
		{6126F275-7371-459C-B0A3-10AFE65469B3}.Ad-Hoc|iPhoneSimulator.ActiveCfg = Release|Any CPU
		{6126F275-7371-459C-B0A3-10AFE65469B3}.Ad-Hoc|iPhoneSimulator.Build.0 = Release|Any CPU
		{6126F275-7371-459C-B0A3-10AFE65469B3}.Ad-Hoc|x64.ActiveCfg = Release|Any CPU
		{6126F275-7371-459C-B0A3-10AFE65469B3}.Ad-Hoc|x64.Build.0 = Release|Any CPU
		{6126F275-7371-459C-B0A3-10AFE65469B3}.Ad-Hoc|x86.ActiveCfg = Release|Any CPU
		{6126F275-7371-459C-B0A3-10AFE65469B3}.Ad-Hoc|x86.Build.0 = Release|Any CPU
		{6126F275-7371-459C-B0A3-10AFE65469B3}.AppStore|Any CPU.ActiveCfg = Release|Any CPU
		{6126F275-7371-459C-B0A3-10AFE65469B3}.AppStore|Any CPU.Build.0 = Release|Any CPU
		{6126F275-7371-459C-B0A3-10AFE65469B3}.AppStore|ARM.ActiveCfg = Release|Any CPU
		{6126F275-7371-459C-B0A3-10AFE65469B3}.AppStore|ARM.Build.0 = Release|Any CPU
		{6126F275-7371-459C-B0A3-10AFE65469B3}.AppStore|iPhone.ActiveCfg = Release|Any CPU
		{6126F275-7371-459C-B0A3-10AFE65469B3}.AppStore|iPhone.Build.0 = Release|Any CPU
		{6126F275-7371-459C-B0A3-10AFE65469B3}.AppStore|iPhoneSimulator.ActiveCfg = Release|Any CPU
		{6126F275-7371-459C-B0A3-10AFE65469B3}.AppStore|iPhoneSimulator.Build.0 = Release|Any CPU
		{6126F275-7371-459C-B0A3-10AFE65469B3}.AppStore|x64.ActiveCfg = Release|Any CPU
		{6126F275-7371-459C-B0A3-10AFE65469B3}.AppStore|x64.Build.0 = Release|Any CPU
		{6126F275-7371-459C-B0A3-10AFE65469B3}.AppStore|x86.ActiveCfg = Release|Any CPU
		{6126F275-7371-459C-B0A3-10AFE65469B3}.AppStore|x86.Build.0 = Release|Any CPU
		{6126F275-7371-459C-B0A3-10AFE65469B3}.Debug|Any CPU.ActiveCfg = Debug|Any CPU
		{6126F275-7371-459C-B0A3-10AFE65469B3}.Debug|Any CPU.Build.0 = Debug|Any CPU
		{6126F275-7371-459C-B0A3-10AFE65469B3}.Debug|ARM.ActiveCfg = Debug|Any CPU
		{6126F275-7371-459C-B0A3-10AFE65469B3}.Debug|ARM.Build.0 = Debug|Any CPU
		{6126F275-7371-459C-B0A3-10AFE65469B3}.Debug|iPhone.ActiveCfg = Debug|Any CPU
		{6126F275-7371-459C-B0A3-10AFE65469B3}.Debug|iPhone.Build.0 = Debug|Any CPU
		{6126F275-7371-459C-B0A3-10AFE65469B3}.Debug|iPhoneSimulator.ActiveCfg = Debug|Any CPU
		{6126F275-7371-459C-B0A3-10AFE65469B3}.Debug|iPhoneSimulator.Build.0 = Debug|Any CPU
		{6126F275-7371-459C-B0A3-10AFE65469B3}.Debug|x64.ActiveCfg = Debug|Any CPU
		{6126F275-7371-459C-B0A3-10AFE65469B3}.Debug|x64.Build.0 = Debug|Any CPU
		{6126F275-7371-459C-B0A3-10AFE65469B3}.Debug|x86.ActiveCfg = Debug|Any CPU
		{6126F275-7371-459C-B0A3-10AFE65469B3}.Debug|x86.Build.0 = Debug|Any CPU
		{6126F275-7371-459C-B0A3-10AFE65469B3}.Release|Any CPU.ActiveCfg = Release|Any CPU
		{6126F275-7371-459C-B0A3-10AFE65469B3}.Release|Any CPU.Build.0 = Release|Any CPU
		{6126F275-7371-459C-B0A3-10AFE65469B3}.Release|ARM.ActiveCfg = Release|Any CPU
		{6126F275-7371-459C-B0A3-10AFE65469B3}.Release|ARM.Build.0 = Release|Any CPU
		{6126F275-7371-459C-B0A3-10AFE65469B3}.Release|iPhone.ActiveCfg = Release|Any CPU
		{6126F275-7371-459C-B0A3-10AFE65469B3}.Release|iPhone.Build.0 = Release|Any CPU
		{6126F275-7371-459C-B0A3-10AFE65469B3}.Release|iPhoneSimulator.ActiveCfg = Release|Any CPU
		{6126F275-7371-459C-B0A3-10AFE65469B3}.Release|iPhoneSimulator.Build.0 = Release|Any CPU
		{6126F275-7371-459C-B0A3-10AFE65469B3}.Release|x64.ActiveCfg = Release|Any CPU
		{6126F275-7371-459C-B0A3-10AFE65469B3}.Release|x64.Build.0 = Release|Any CPU
		{6126F275-7371-459C-B0A3-10AFE65469B3}.Release|x86.ActiveCfg = Release|Any CPU
		{6126F275-7371-459C-B0A3-10AFE65469B3}.Release|x86.Build.0 = Release|Any CPU
	EndGlobalSection
	GlobalSection(SolutionProperties) = preSolution
		HideSolutionNode = FALSE
	EndGlobalSection
	GlobalSection(ExtensibilityGlobals) = postSolution
		SolutionGuid = {1DC6746D-1CFC-48E1-9F28-AB4497B042C7}
	EndGlobalSection
EndGlobal
